
Microsoft Visual Studio Solution File, Format Version 12.00
# Visual Studio 15
VisualStudioVersion = 15.0.27703.2042
MinimumVisualStudioVersion = 10.0.40219.1
Project("{FAE04EC0-301F-11D3-BF4B-00C04F79EFBC}") = "PopQuiz", "PopQuiz\PopQuiz.csproj", "{20041678-0E1D-46ED-919A-3EB718947FD6}"
EndProject
Global
	GlobalSection(SolutionConfigurationPlatforms) = preSolution
		Debug|Any CPU = Debug|Any CPU
		Release|Any CPU = Release|Any CPU
	EndGlobalSection
	GlobalSection(ProjectConfigurationPlatforms) = postSolution
		{20041678-0E1D-46ED-919A-3EB718947FD6}.Debug|Any CPU.ActiveCfg = Debug|Any CPU
		{20041678-0E1D-46ED-919A-3EB718947FD6}.Debug|Any CPU.Build.0 = Debug|Any CPU
		{20041678-0E1D-46ED-919A-3EB718947FD6}.Release|Any CPU.ActiveCfg = Release|Any CPU
		{20041678-0E1D-46ED-919A-3EB718947FD6}.Release|Any CPU.Build.0 = Release|Any CPU
	EndGlobalSection
	GlobalSection(SolutionProperties) = preSolution
		HideSolutionNode = FALSE
	EndGlobalSection
	GlobalSection(ExtensibilityGlobals) = postSolution
		SolutionGuid = {3029807C-E128-418A-9F74-AAE70C722356}
	EndGlobalSection
EndGlobal
